
Microsoft Visual Studio Solution File, Format Version 12.00
# Visual Studio Version 16
VisualStudioVersion = 16.0.30204.135
MinimumVisualStudioVersion = 10.0.40219.1
Project("{FAE04EC0-301F-11D3-BF4B-00C04F79EFBC}") = "HighScore-OOB", "HighScore-OOB.csproj", "{69C2B9F8-6893-4E7F-82A2-0C13045C3C56}"
EndProject
Global
	GlobalSection(SolutionConfigurationPlatforms) = preSolution
		Debug|Any CPU = Debug|Any CPU
		Release|Any CPU = Release|Any CPU
	EndGlobalSection
	GlobalSection(ProjectConfigurationPlatforms) = postSolution
		{69C2B9F8-6893-4E7F-82A2-0C13045C3C56}.Debug|Any CPU.ActiveCfg = Debug|Any CPU
		{69C2B9F8-6893-4E7F-82A2-0C13045C3C56}.Debug|Any CPU.Build.0 = Debug|Any CPU
		{69C2B9F8-6893-4E7F-82A2-0C13045C3C56}.Release|Any CPU.ActiveCfg = Release|Any CPU
		{69C2B9F8-6893-4E7F-82A2-0C13045C3C56}.Release|Any CPU.Build.0 = Release|Any CPU
	EndGlobalSection
	GlobalSection(SolutionProperties) = preSolution
		HideSolutionNode = FALSE
	EndGlobalSection
	GlobalSection(ExtensibilityGlobals) = postSolution
		SolutionGuid = {FD7344EF-C008-4E51-927C-AEA5039CEA3E}
	EndGlobalSection
EndGlobal
