
Microsoft Visual Studio Solution File, Format Version 12.00
# Visual Studio Version 16
VisualStudioVersion = 16.0.30204.135
MinimumVisualStudioVersion = 10.0.40219.1
Project("{FAE04EC0-301F-11D3-BF4B-00C04F79EFBC}") = "Webshop_New", "Webshop_New.csproj", "{EC491EB3-5367-4F30-BAE1-3EC2583651DB}"
EndProject
Global
	GlobalSection(SolutionConfigurationPlatforms) = preSolution
		Debug|Any CPU = Debug|Any CPU
		Release|Any CPU = Release|Any CPU
	EndGlobalSection
	GlobalSection(ProjectConfigurationPlatforms) = postSolution
		{EC491EB3-5367-4F30-BAE1-3EC2583651DB}.Debug|Any CPU.ActiveCfg = Debug|Any CPU
		{EC491EB3-5367-4F30-BAE1-3EC2583651DB}.Debug|Any CPU.Build.0 = Debug|Any CPU
		{EC491EB3-5367-4F30-BAE1-3EC2583651DB}.Release|Any CPU.ActiveCfg = Release|Any CPU
		{EC491EB3-5367-4F30-BAE1-3EC2583651DB}.Release|Any CPU.Build.0 = Release|Any CPU
	EndGlobalSection
	GlobalSection(SolutionProperties) = preSolution
		HideSolutionNode = FALSE
	EndGlobalSection
	GlobalSection(ExtensibilityGlobals) = postSolution
		SolutionGuid = {F5FF37C5-2751-4AA2-B435-DA2E39AF88B4}
	EndGlobalSection
EndGlobal
