
Microsoft Visual Studio Solution File, Format Version 12.00
# Visual Studio Version 16
VisualStudioVersion = 16.0.30204.135
MinimumVisualStudioVersion = 10.0.40219.1
Project("{FAE04EC0-301F-11D3-BF4B-00C04F79EFBC}") = "SQLTestProject", "SQLTestProject.csproj", "{F3FD8415-9D8F-4BCF-998D-6FA6AE590BB1}"
EndProject
Global
	GlobalSection(SolutionConfigurationPlatforms) = preSolution
		Debug|Any CPU = Debug|Any CPU
		Release|Any CPU = Release|Any CPU
	EndGlobalSection
	GlobalSection(ProjectConfigurationPlatforms) = postSolution
		{F3FD8415-9D8F-4BCF-998D-6FA6AE590BB1}.Debug|Any CPU.ActiveCfg = Debug|Any CPU
		{F3FD8415-9D8F-4BCF-998D-6FA6AE590BB1}.Debug|Any CPU.Build.0 = Debug|Any CPU
		{F3FD8415-9D8F-4BCF-998D-6FA6AE590BB1}.Release|Any CPU.ActiveCfg = Release|Any CPU
		{F3FD8415-9D8F-4BCF-998D-6FA6AE590BB1}.Release|Any CPU.Build.0 = Release|Any CPU
	EndGlobalSection
	GlobalSection(SolutionProperties) = preSolution
		HideSolutionNode = FALSE
	EndGlobalSection
	GlobalSection(ExtensibilityGlobals) = postSolution
		SolutionGuid = {2DA789B0-C979-4C86-8F47-D3C0E1D11B79}
	EndGlobalSection
EndGlobal
